
Microsoft Visual Studio Solution File, Format Version 12.00
# Visual Studio Version 17
VisualStudioVersion = 17.2.32526.322
MinimumVisualStudioVersion = 10.0.40219.1
Project("{FAE04EC0-301F-11D3-BF4B-00C04F79EFBC}") = "NoJealousy", "NoJealousy\NoJealousy.csproj", "{66007BC9-AF85-4BF3-B0D1-4CA288E3F5D5}"
EndProject
Global
	GlobalSection(SolutionConfigurationPlatforms) = preSolution
		Debug|Any CPU = Debug|Any CPU
		Release|Any CPU = Release|Any CPU
	EndGlobalSection
	GlobalSection(ProjectConfigurationPlatforms) = postSolution
		{66007BC9-AF85-4BF3-B0D1-4CA288E3F5D5}.Debug|Any CPU.ActiveCfg = Debug|Any CPU
		{66007BC9-AF85-4BF3-B0D1-4CA288E3F5D5}.Debug|Any CPU.Build.0 = Debug|Any CPU
		{66007BC9-AF85-4BF3-B0D1-4CA288E3F5D5}.Release|Any CPU.ActiveCfg = Release|Any CPU
		{66007BC9-AF85-4BF3-B0D1-4CA288E3F5D5}.Release|Any CPU.Build.0 = Release|Any CPU
	EndGlobalSection
	GlobalSection(SolutionProperties) = preSolution
		HideSolutionNode = FALSE
	EndGlobalSection
	GlobalSection(ExtensibilityGlobals) = postSolution
		SolutionGuid = {87FDBCF7-EF7A-465A-87C0-9D2257938F6C}
	EndGlobalSection
EndGlobal
